// !$*UTF8*$!
{
	archiveVersion = 1;
	classes = {
	};
	objectVersion = 46;
	objects = {

/* Begin PBXBuildFile section */
		A172E62F1BFCF47C00248941 /* main.m in Sources */ = {isa = PBXBuildFile; fileRef = A172E62E1BFCF47C00248941 /* main.m */; };
		A172E6321BFCF47C00248941 /* AppDelegate.m in Sources */ = {isa = PBXBuildFile; fileRef = A172E6311BFCF47C00248941 /* AppDelegate.m */; };
		A172E6351BFCF47C00248941 /* ViewController.m in Sources */ = {isa = PBXBuildFile; fileRef = A172E6341BFCF47C00248941 /* ViewController.m */; };
		A172E6381BFCF47C00248941 /* Main.storyboard in Resources */ = {isa = PBXBuildFile; fileRef = A172E6361BFCF47C00248941 /* Main.storyboard */; };
		A172E63A1BFCF47C00248941 /* Assets.xcassets in Resources */ = {isa = PBXBuildFile; fileRef = A172E6391BFCF47C00248941 /* Assets.xcassets */; };
		A172E63D1BFCF47C00248941 /* LaunchScreen.storyboard in Resources */ = {isa = PBXBuildFile; fileRef = A172E63B1BFCF47C00248941 /* LaunchScreen.storyboard */; };
		A1FEE50A1C9706A70005896C /* BTController.m in Sources */ = {isa = PBXBuildFile; fileRef = A1FEE4FC1C9706A70005896C /* BTController.m */; };
		A1FEE50B1C9706A70005896C /* iblazr_for_shop@2x.png in Resources */ = {isa = PBXBuildFile; fileRef = A1FEE4FD1C9706A70005896C /* iblazr_for_shop@2x.png */; };
		A1FEE50C1C9706A70005896C /* STDevice.m in Sources */ = {isa = PBXBuildFile; fileRef = A1FEE4FF1C9706A70005896C /* STDevice.m */; };
		A1FEE50D1C9706A70005896C /* STDeviceIblazr2.m in Sources */ = {isa = PBXBuildFile; fileRef = A1FEE5011C9706A70005896C /* STDeviceIblazr2.m */; };
		A1FEE50E1C9706A70005896C /* STDeviceIblazrOriginal.m in Sources */ = {isa = PBXBuildFile; fileRef = A1FEE5031C9706A70005896C /* STDeviceIblazrOriginal.m */; };
		A1FEE50F1C9706A70005896C /* STDeviceManager.m in Sources */ = {isa = PBXBuildFile; fileRef = A1FEE5051C9706A70005896C /* STDeviceManager.m */; };
		A1FEE5101C9706A70005896C /* ToneGenerator.m in Sources */ = {isa = PBXBuildFile; fileRef = A1FEE5091C9706A70005896C /* ToneGenerator.m */; };
/* End PBXBuildFile section */

/* Begin PBXFileReference section */
		A172E62A1BFCF47C00248941 /* iblazrSDK-example.app */ = {isa = PBXFileReference; explicitFileType = wrapper.application; includeInIndex = 0; path = "iblazrSDK-example.app"; sourceTree = BUILT_PRODUCTS_DIR; };
		A172E62E1BFCF47C00248941 /* main.m */ = {isa = PBXFileReference; lastKnownFileType = sourcecode.c.objc; path = main.m; sourceTree = "<group>"; };
		A172E6301BFCF47C00248941 /* AppDelegate.h */ = {isa = PBXFileReference; lastKnownFileType = sourcecode.c.h; path = AppDelegate.h; sourceTree = "<group>"; };
		A172E6311BFCF47C00248941 /* AppDelegate.m */ = {isa = PBXFileReference; lastKnownFileType = sourcecode.c.objc; path = AppDelegate.m; sourceTree = "<group>"; };
		A172E6331BFCF47C00248941 /* ViewController.h */ = {isa = PBXFileReference; lastKnownFileType = sourcecode.c.h; path = ViewController.h; sourceTree = "<group>"; };
		A172E6341BFCF47C00248941 /* ViewController.m */ = {isa = PBXFileReference; lastKnownFileType = sourcecode.c.objc; path = ViewController.m; sourceTree = "<group>"; };
		A172E6371BFCF47C00248941 /* Base */ = {isa = PBXFileReference; lastKnownFileType = file.storyboard; name = Base; path = Base.lproj/Main.storyboard; sourceTree = "<group>"; };
		A172E6391BFCF47C00248941 /* Assets.xcassets */ = {isa = PBXFileReference; lastKnownFileType = folder.assetcatalog; path = Assets.xcassets; sourceTree = "<group>"; };
		A172E63C1BFCF47C00248941 /* Base */ = {isa = PBXFileReference; lastKnownFileType = file.storyboard; name = Base; path = Base.lproj/LaunchScreen.storyboard; sourceTree = "<group>"; };
		A172E63E1BFCF47C00248941 /* Info.plist */ = {isa = PBXFileReference; lastKnownFileType = text.plist.xml; path = Info.plist; sourceTree = "<group>"; };
		A1FEE4FB1C9706A70005896C /* BTController.h */ = {isa = PBXFileReference; fileEncoding = 4; lastKnownFileType = sourcecode.c.h; path = BTController.h; sourceTree = "<group>"; };
		A1FEE4FC1C9706A70005896C /* BTController.m */ = {isa = PBXFileReference; fileEncoding = 4; lastKnownFileType = sourcecode.c.objc; path = BTController.m; sourceTree = "<group>"; };
		A1FEE4FD1C9706A70005896C /* iblazr_for_shop@2x.png */ = {isa = PBXFileReference; lastKnownFileType = image.png; path = "iblazr_for_shop@2x.png"; sourceTree = "<group>"; };
		A1FEE4FE1C9706A70005896C /* STDevice.h */ = {isa = PBXFileReference; fileEncoding = 4; lastKnownFileType = sourcecode.c.h; path = STDevice.h; sourceTree = "<group>"; };
		A1FEE4FF1C9706A70005896C /* STDevice.m */ = {isa = PBXFileReference; fileEncoding = 4; lastKnownFileType = sourcecode.c.objc; path = STDevice.m; sourceTree = "<group>"; };
		A1FEE5001C9706A70005896C /* STDeviceIblazr2.h */ = {isa = PBXFileReference; fileEncoding = 4; lastKnownFileType = sourcecode.c.h; path = STDeviceIblazr2.h; sourceTree = "<group>"; };
		A1FEE5011C9706A70005896C /* STDeviceIblazr2.m */ = {isa = PBXFileReference; fileEncoding = 4; lastKnownFileType = sourcecode.c.objc; path = STDeviceIblazr2.m; sourceTree = "<group>"; };
		A1FEE5021C9706A70005896C /* STDeviceIblazrOriginal.h */ = {isa = PBXFileReference; fileEncoding = 4; lastKnownFileType = sourcecode.c.h; path = STDeviceIblazrOriginal.h; sourceTree = "<group>"; };
		A1FEE5031C9706A70005896C /* STDeviceIblazrOriginal.m */ = {isa = PBXFileReference; fileEncoding = 4; lastKnownFileType = sourcecode.c.objc; path = STDeviceIblazrOriginal.m; sourceTree = "<group>"; };
		A1FEE5041C9706A70005896C /* STDeviceManager.h */ = {isa = PBXFileReference; fileEncoding = 4; lastKnownFileType = sourcecode.c.h; path = STDeviceManager.h; sourceTree = "<group>"; };
		A1FEE5051C9706A70005896C /* STDeviceManager.m */ = {isa = PBXFileReference; fileEncoding = 4; lastKnownFileType = sourcecode.c.objc; path = STDeviceManager.m; sourceTree = "<group>"; };
		A1FEE5061C9706A70005896C /* STDeviceTypes.h */ = {isa = PBXFileReference; fileEncoding = 4; lastKnownFileType = sourcecode.c.h; path = STDeviceTypes.h; sourceTree = "<group>"; };
		A1FEE5081C9706A70005896C /* ToneGenerator.h */ = {isa = PBXFileReference; fileEncoding = 4; lastKnownFileType = sourcecode.c.h; path = ToneGenerator.h; sourceTree = "<group>"; };
		A1FEE5091C9706A70005896C /* ToneGenerator.m */ = {isa = PBXFileReference; fileEncoding = 4; lastKnownFileType = sourcecode.c.objc; path = ToneGenerator.m; sourceTree = "<group>"; };
/* End PBXFileReference section */

/* Begin PBXFrameworksBuildPhase section */
		A172E6271BFCF47C00248941 /* Frameworks */ = {
			isa = PBXFrameworksBuildPhase;
			buildActionMask = 2147483647;
			files = (
			);
			runOnlyForDeploymentPostprocessing = 0;
		};
/* End PBXFrameworksBuildPhase section */

/* Begin PBXGroup section */
		A172E6211BFCF47C00248941 = {
			isa = PBXGroup;
			children = (
				A172E62C1BFCF47C00248941 /* iblazrSDK-example */,
				A172E62B1BFCF47C00248941 /* Products */,
			);
			sourceTree = "<group>";
		};
		A172E62B1BFCF47C00248941 /* Products */ = {
			isa = PBXGroup;
			children = (
				A172E62A1BFCF47C00248941 /* iblazrSDK-example.app */,
			);
			name = Products;
			sourceTree = "<group>";
		};
		A172E62C1BFCF47C00248941 /* iblazrSDK-example */ = {
			isa = PBXGroup;
			children = (
				A172E6301BFCF47C00248941 /* AppDelegate.h */,
				A172E6311BFCF47C00248941 /* AppDelegate.m */,
				A172E6331BFCF47C00248941 /* ViewController.h */,
				A172E6341BFCF47C00248941 /* ViewController.m */,
				A1FEE4FA1C9706A70005896C /* IBLAZRSDK */,
				A172E6361BFCF47C00248941 /* Main.storyboard */,
				A172E6391BFCF47C00248941 /* Assets.xcassets */,
				A172E63B1BFCF47C00248941 /* LaunchScreen.storyboard */,
				A172E63E1BFCF47C00248941 /* Info.plist */,
				A172E62D1BFCF47C00248941 /* Supporting Files */,
			);
			path = "iblazrSDK-example";
			sourceTree = "<group>";
		};
		A172E62D1BFCF47C00248941 /* Supporting Files */ = {
			isa = PBXGroup;
			children = (
				A172E62E1BFCF47C00248941 /* main.m */,
			);
			name = "Supporting Files";
			sourceTree = "<group>";
		};
		A1FEE4FA1C9706A70005896C /* IBLAZRSDK */ = {
			isa = PBXGroup;
			children = (
				A1FEE4FB1C9706A70005896C /* BTController.h */,
				A1FEE4FC1C9706A70005896C /* BTController.m */,
				A1FEE4FD1C9706A70005896C /* iblazr_for_shop@2x.png */,
				A1FEE4FE1C9706A70005896C /* STDevice.h */,
				A1FEE4FF1C9706A70005896C /* STDevice.m */,
				A1FEE5001C9706A70005896C /* STDeviceIblazr2.h */,
				A1FEE5011C9706A70005896C /* STDeviceIblazr2.m */,
				A1FEE5021C9706A70005896C /* STDeviceIblazrOriginal.h */,
				A1FEE5031C9706A70005896C /* STDeviceIblazrOriginal.m */,
				A1FEE5041C9706A70005896C /* STDeviceManager.h */,
				A1FEE5051C9706A70005896C /* STDeviceManager.m */,
				A1FEE5061C9706A70005896C /* STDeviceTypes.h */,
				A1FEE5071C9706A70005896C /* ToneGenerator */,
			);
			name = IBLAZRSDK;
			path = ../../IBLAZRSDK;
			sourceTree = "<group>";
		};
		A1FEE5071C9706A70005896C /* ToneGenerator */ = {
			isa = PBXGroup;
			children = (
				A1FEE5081C9706A70005896C /* ToneGenerator.h */,
				A1FEE5091C9706A70005896C /* ToneGenerator.m */,
			);
			path = ToneGenerator;
			sourceTree = "<group>";
		};
/* End PBXGroup section */

/* Begin PBXNativeTarget section */
		A172E6291BFCF47C00248941 /* iblazrSDK-example */ = {
			isa = PBXNativeTarget;
			buildConfigurationList = A172E6411BFCF47C00248941 /* Build configuration list for PBXNativeTarget "iblazrSDK-example" */;
			buildPhases = (
				A172E6261BFCF47C00248941 /* Sources */,
				A172E6271BFCF47C00248941 /* Frameworks */,
				A172E6281BFCF47C00248941 /* Resources */,
			);
			buildRules = (
			);
			dependencies = (
			);
			name = "iblazrSDK-example";
			productName = "iblazrSDK-example";
			productReference = A172E62A1BFCF47C00248941 /* iblazrSDK-example.app */;
			productType = "com.apple.product-type.application";
		};
/* End PBXNativeTarget section */

/* Begin PBXProject section */
		A172E6221BFCF47C00248941 /* Project object */ = {
			isa = PBXProject;
			attributes = {
				LastUpgradeCheck = 0710;
				ORGANIZATIONNAME = "Concepter HQ, Inc";
				TargetAttributes = {
					A172E6291BFCF47C00248941 = {
						CreatedOnToolsVersion = 7.1;
						SystemCapabilities = {
							com.apple.BackgroundModes = {
								enabled = 1;
							};
						};
					};
				};
			};
			buildConfigurationList = A172E6251BFCF47C00248941 /* Build configuration list for PBXProject "iblazrSDK-example" */;
			compatibilityVersion = "Xcode 3.2";
			developmentRegion = English;
			hasScannedForEncodings = 0;
			knownRegions = (
				en,
				Base,
			);
			mainGroup = A172E6211BFCF47C00248941;
			productRefGroup = A172E62B1BFCF47C00248941 /* Products */;
			projectDirPath = "";
			projectRoot = "";
			targets = (
				A172E6291BFCF47C00248941 /* iblazrSDK-example */,
			);
		};
/* End PBXProject section */

/* Begin PBXResourcesBuildPhase section */
		A172E6281BFCF47C00248941 /* Resources */ = {
			isa = PBXResourcesBuildPhase;
			buildActionMask = 2147483647;
			files = (
				A172E63D1BFCF47C00248941 /* LaunchScreen.storyboard in Resources */,
				A172E63A1BFCF47C00248941 /* Assets.xcassets in Resources */,
				A1FEE50B1C9706A70005896C /* iblazr_for_shop@2x.png in Resources */,
				A172E6381BFCF47C00248941 /* Main.storyboard in Resources */,
			);
			runOnlyForDeploymentPostprocessing = 0;
		};
/* End PBXResourcesBuildPhase section */

/* Begin PBXSourcesBuildPhase section */
		A172E6261BFCF47C00248941 /* Sources */ = {
			isa = PBXSourcesBuildPhase;
			buildActionMask = 2147483647;
			files = (
				A172E6351BFCF47C00248941 /* ViewController.m in Sources */,
				A172E6321BFCF47C00248941 /* AppDelegate.m in Sources */,
				A1FEE5101C9706A70005896C /* ToneGenerator.m in Sources */,
				A172E62F1BFCF47C00248941 /* main.m in Sources */,
				A1FEE50E1C9706A70005896C /* STDeviceIblazrOriginal.m in Sources */,
				A1FEE50D1C9706A70005896C /* STDeviceIblazr2.m in Sources */,
				A1FEE50C1C9706A70005896C /* STDevice.m in Sources */,
				A1FEE50F1C9706A70005896C /* STDeviceManager.m in Sources */,
				A1FEE50A1C9706A70005896C /* BTController.m in Sources */,
			);
			runOnlyForDeploymentPostprocessing = 0;
		};
/* End PBXSourcesBuildPhase section */

/* Begin PBXVariantGroup section */
		A172E6361BFCF47C00248941 /* Main.storyboard */ = {
			isa = PBXVariantGroup;
			children = (
				A172E6371BFCF47C00248941 /* Base */,
			);
			name = Main.storyboard;
			sourceTree = "<group>";
		};
		A172E63B1BFCF47C00248941 /* LaunchScreen.storyboard */ = {
			isa = PBXVariantGroup;
			children = (
				A172E63C1BFCF47C00248941 /* Base */,
			);
			name = LaunchScreen.storyboard;
			sourceTree = "<group>";
		};
/* End PBXVariantGroup section */

/* Begin XCBuildConfiguration section */
		A172E63F1BFCF47C00248941 /* Debug */ = {
			isa = XCBuildConfiguration;
			buildSettings = {
				ALWAYS_SEARCH_USER_PATHS = NO;
				CLANG_CXX_LANGUAGE_STANDARD = "gnu++0x";
				CLANG_CXX_LIBRARY = "libc++";
				CLANG_ENABLE_MODULES = YES;
				CLANG_ENABLE_OBJC_ARC = YES;
				CLANG_WARN_BOOL_CONVERSION = YES;
				CLANG_WARN_CONSTANT_CONVERSION = YES;
				CLANG_WARN_DIRECT_OBJC_ISA_USAGE = YES_ERROR;
				CLANG_WARN_EMPTY_BODY = YES;
				CLANG_WARN_ENUM_CONVERSION = YES;
				CLANG_WARN_INT_CONVERSION = YES;
				CLANG_WARN_OBJC_ROOT_CLASS = YES_ERROR;
				CLANG_WARN_UNREACHABLE_CODE = YES;
				CLANG_WARN__DUPLICATE_METHOD_MATCH = YES;
				"CODE_SIGN_IDENTITY[sdk=iphoneos*]" = "iPhone Developer";
				COPY_PHASE_STRIP = NO;
				DEBUG_INFORMATION_FORMAT = dwarf;
				ENABLE_STRICT_OBJC_MSGSEND = YES;
				ENABLE_TESTABILITY = YES;
				GCC_C_LANGUAGE_STANDARD = gnu99;
				GCC_DYNAMIC_NO_PIC = NO;
				GCC_NO_COMMON_BLOCKS = YES;
				GCC_OPTIMIZATION_LEVEL = 0;
				GCC_PREPROCESSOR_DEFINITIONS = (
					"DEBUG=1",
					"$(inherited)",
				);
				GCC_WARN_64_TO_32_BIT_CONVERSION = YES;
				GCC_WARN_ABOUT_RETURN_TYPE = YES_ERROR;
				GCC_WARN_UNDECLARED_SELECTOR = YES;
				GCC_WARN_UNINITIALIZED_AUTOS = YES_AGGRESSIVE;
				GCC_WARN_UNUSED_FUNCTION = YES;
				GCC_WARN_UNUSED_VARIABLE = YES;
				IPHONEOS_DEPLOYMENT_TARGET = 9.1;
				MTL_ENABLE_DEBUG_INFO = YES;
				ONLY_ACTIVE_ARCH = YES;
				SDKROOT = iphoneos;
			};
			name = Debug;
		};
		A172E6401BFCF47C00248941 /* Release */ = {
			isa = XCBuildConfiguration;
			buildSettings = {
				ALWAYS_SEARCH_USER_PATHS = NO;
				CLANG_CXX_LANGUAGE_STANDARD = "gnu++0x";
				CLANG_CXX_LIBRARY = "libc++";
				CLANG_ENABLE_MODULES = YES;
				CLANG_ENABLE_OBJC_ARC = YES;
				CLANG_WARN_BOOL_CONVERSION = YES;
				CLANG_WARN_CONSTANT_CONVERSION = YES;
				CLANG_WARN_DIRECT_OBJC_ISA_USAGE = YES_ERROR;
				CLANG_WARN_EMPTY_BODY = YES;
				CLANG_WARN_ENUM_CONVERSION = YES;
				CLANG_WARN_INT_CONVERSION = YES;
				CLANG_WARN_OBJC_ROOT_CLASS = YES_ERROR;
				CLANG_WARN_UNREACHABLE_CODE = YES;
				CLANG_WARN__DUPLICATE_METHOD_MATCH = YES;
				"CODE_SIGN_IDENTITY[sdk=iphoneos*]" = "iPhone Developer";
				COPY_PHASE_STRIP = NO;
				DEBUG_INFORMATION_FORMAT = "dwarf-with-dsym";
				ENABLE_NS_ASSERTIONS = NO;
				ENABLE_STRICT_OBJC_MSGSEND = YES;
				GCC_C_LANGUAGE_STANDARD = gnu99;
				GCC_NO_COMMON_BLOCKS = YES;
				GCC_WARN_64_TO_32_BIT_CONVERSION = YES;
				GCC_WARN_ABOUT_RETURN_TYPE = YES_ERROR;
				GCC_WARN_UNDECLARED_SELECTOR = YES;
				GCC_WARN_UNINITIALIZED_AUTOS = YES_AGGRESSIVE;
				GCC_WARN_UNUSED_FUNCTION = YES;
				GCC_WARN_UNUSED_VARIABLE = YES;
				IPHONEOS_DEPLOYMENT_TARGET = 9.1;
				MTL_ENABLE_DEBUG_INFO = NO;
				SDKROOT = iphoneos;
				VALIDATE_PRODUCT = YES;
			};
			name = Release;
		};
		A172E6421BFCF47C00248941 /* Debug */ = {
			isa = XCBuildConfiguration;
			buildSettings = {
				ASSETCATALOG_COMPILER_APPICON_NAME = AppIcon;
				INFOPLIST_FILE = "iblazrSDK-example/Info.plist";
				LD_RUNPATH_SEARCH_PATHS = "$(inherited) @executable_path/Frameworks";
				PRODUCT_BUNDLE_IDENTIFIER = "concepter.iblazrSDK-example";
				PRODUCT_NAME = "$(TARGET_NAME)";
			};
			name = Debug;
		};
		A172E6431BFCF47C00248941 /* Release */ = {
			isa = XCBuildConfiguration;
			buildSettings = {
				ASSETCATALOG_COMPILER_APPICON_NAME = AppIcon;
				INFOPLIST_FILE = "iblazrSDK-example/Info.plist";
				LD_RUNPATH_SEARCH_PATHS = "$(inherited) @executable_path/Frameworks";
				PRODUCT_BUNDLE_IDENTIFIER = "concepter.iblazrSDK-example";
				PRODUCT_NAME = "$(TARGET_NAME)";
			};
			name = Release;
		};
/* End XCBuildConfiguration section */

/* Begin XCConfigurationList section */
		A172E6251BFCF47C00248941 /* Build configuration list for PBXProject "iblazrSDK-example" */ = {
			isa = XCConfigurationList;
			buildConfigurations = (
				A172E63F1BFCF47C00248941 /* Debug */,
				A172E6401BFCF47C00248941 /* Release */,
			);
			defaultConfigurationIsVisible = 0;
			defaultConfigurationName = Release;
		};
		A172E6411BFCF47C00248941 /* Build configuration list for PBXNativeTarget "iblazrSDK-example" */ = {
			isa = XCConfigurationList;
			buildConfigurations = (
				A172E6421BFCF47C00248941 /* Debug */,
				A172E6431BFCF47C00248941 /* Release */,
			);
			defaultConfigurationIsVisible = 0;
			defaultConfigurationName = Release;
		};
/* End XCConfigurationList section */
	};
	rootObject = A172E6221BFCF47C00248941 /* Project object */;
}
